version = 1
revision = 2
requires-python = ">=3.10"

[[package]]
name = "energy-dashboard"
version = "0.1.0"
source = { virtual = "." }
dependencies = [
    { name = "psycopg" },
]

[package.metadata]
requires-dist = [{ name = "psycopg", specifier = ">=3.2.9" }]

[[package]]
name = "psycopg"
version = "3.2.9"
source = { registry = "https://pypi.org/simple" }
dependencies = [
    { name = "typing-extensions", marker = "python_full_version < '3.13'" },
    { name = "tzdata", marker = "sys_platform == 'win32'" },
]
sdist = { url = "https://files.pythonhosted.org/packages/27/4a/93a6ab570a8d1a4ad171a1f4256e205ce48d828781312c0bbaff36380ecb/psycopg-3.2.9.tar.gz", hash = "sha256:2fbb46fcd17bc81f993f28c47f1ebea38d66ae97cc2dbc3cad73b37cefbff700", size = 158122, upload-time = "2025-05-13T16:11:15.533Z" }
wheels = [
    { url = "https://files.pythonhosted.org/packages/44/b0/a73c195a56eb6b92e937a5ca58521a5c3346fb233345adc80fd3e2f542e2/psycopg-3.2.9-py3-none-any.whl", hash = "sha256:01a8dadccdaac2123c916208c96e06631641c0566b22005493f09663c7a8d3b6", size = 202705, upload-time = "2025-05-13T16:06:26.584Z" },
]

[[package]]
name = "typing-extensions"
version = "4.14.1"
source = { registry = "https://pypi.org/simple" }
sdist = { url = "https://files.pythonhosted.org/packages/98/5a/da40306b885cc8c09109dc2e1abd358d5684b1425678151cdaed4731c822/typing_extensions-4.14.1.tar.gz", hash = "sha256:38b39f4aeeab64884ce9f74c94263ef78f3c22467c8724005483154c26648d36", size = 107673, upload-time = "2025-07-04T13:28:34.16Z" }
wheels = [
    { url = "https://files.pythonhosted.org/packages/b5/00/d631e67a838026495268c2f6884f3711a15a9a2a96cd244fdaea53b823fb/typing_extensions-4.14.1-py3-none-any.whl", hash = "sha256:d1e1e3b58374dc93031d6eda2420a48ea44a36c2b4766a4fdeb3710755731d76", size = 43906, upload-time = "2025-07-04T13:28:32.743Z" },
]

[[package]]
name = "tzdata"
version = "2025.2"
source = { registry = "https://pypi.org/simple" }
sdist = { url = "https://files.pythonhosted.org/packages/95/32/1a225d6164441be760d75c2c42e2780dc0873fe382da3e98a2e1e48361e5/tzdata-2025.2.tar.gz", hash = "sha256:b60a638fcc0daffadf82fe0f57e53d06bdec2f36c4df66280ae79bce6bd6f2b9", size = 196380, upload-time = "2025-03-23T13:54:43.652Z" }
wheels = [
    { url = "https://files.pythonhosted.org/packages/5c/23/c7abc0ca0a1526a0774eca151daeb8de62ec457e77262b66b359c3c7679e/tzdata-2025.2-py2.py3-none-any.whl", hash = "sha256:1a403fada01ff9221ca8044d701868fa132215d84beb92242d9acd2147f667a8", size = 347839, upload-time = "2025-03-23T13:54:41.845Z" },
]
